
Microsoft Visual Studio Solution File, Format Version 12.00
# Visual Studio Version 17
VisualStudioVersion = 17.5.33516.290
MinimumVisualStudioVersion = 10.0.40219.1
Project("{FAE04EC0-301F-11D3-BF4B-00C04F79EFBC}") = "AzureFunctionWithSwagger", "AzureFunctionWithSwagger\AzureFunctionWithSwagger.csproj", "{7DE4FF07-006A-4030-80C4-6A2970F87D6C}"
EndProject
Global
	GlobalSection(SolutionConfigurationPlatforms) = preSolution
		Debug|Any CPU = Debug|Any CPU
		Release|Any CPU = Release|Any CPU
	EndGlobalSection
	GlobalSection(ProjectConfigurationPlatforms) = postSolution
		{7DE4FF07-006A-4030-80C4-6A2970F87D6C}.Debug|Any CPU.ActiveCfg = Debug|Any CPU
		{7DE4FF07-006A-4030-80C4-6A2970F87D6C}.Debug|Any CPU.Build.0 = Debug|Any CPU
		{7DE4FF07-006A-4030-80C4-6A2970F87D6C}.Release|Any CPU.ActiveCfg = Release|Any CPU
		{7DE4FF07-006A-4030-80C4-6A2970F87D6C}.Release|Any CPU.Build.0 = Release|Any CPU
	EndGlobalSection
	GlobalSection(SolutionProperties) = preSolution
		HideSolutionNode = FALSE
	EndGlobalSection
	GlobalSection(ExtensibilityGlobals) = postSolution
		SolutionGuid = {D626BF6E-8E69-4B72-8A57-23DC0456ED5C}
	EndGlobalSection
EndGlobal
